PODS:
  - NuimoSwift (0.0.1):
    - SwiftWebSocket
  - SwiftWebSocket (2.2.0)

DEPENDENCIES:
  - NuimoSwift (from `../nuimo-swift`)

EXTERNAL SOURCES:
  NuimoSwift:
    :path: ../nuimo-swift

SPEC CHECKSUMS:
  NuimoSwift: e260bee272d5ea28fb99f18de70e35a2183e54c3
  SwiftWebSocket: d080539a925fd8bee220d5bac897c285dfbd444d

COCOAPODS: 0.39.0
