PODS:
  - NuimoSwift/Core (0.1.0)
  - NuimoSwift/WebSockets (0.1.0):
    - NuimoSwift/Core
    - SwiftWebSocket
  - SwiftWebSocket (2.2.0)

DEPENDENCIES:
  - NuimoSwift/WebSockets

SPEC CHECKSUMS:
  NuimoSwift: dcaccb9b28efea3864a03d0d9ad617c1a8f8c61f
  SwiftWebSocket: d080539a925fd8bee220d5bac897c285dfbd444d

COCOAPODS: 0.39.0
