// !$*UTF8*$!
{
	archiveVersion = 1;
	classes = {
	};
	objectVersion = 46;
	objects = {

/* Begin PBXBuildFile section */
		4616999A1BD4D7DB0028DE08 /* AppDelegate.swift in Sources */ = {isa = PBXBuildFile; fileRef = 461699991BD4D7DB0028DE08 /* AppDelegate.swift */; };
		4616999C1BD4D7DB0028DE08 /* ViewController.swift in Sources */ = {isa = PBXBuildFile; fileRef = 4616999B1BD4D7DB0028DE08 /* ViewController.swift */; };
		4616999E1BD4D7DB0028DE08 /* Assets.xcassets in Resources */ = {isa = PBXBuildFile; fileRef = 4616999D1BD4D7DB0028DE08 /* Assets.xcassets */; };
		461699A11BD4D7DB0028DE08 /* Main.storyboard in Resources */ = {isa = PBXBuildFile; fileRef = 4616999F1BD4D7DB0028DE08 /* Main.storyboard */; };
		46FD8EB91BD4EB4A004EA6B4 /* NuimoTableViewDataSource.swift in Sources */ = {isa = PBXBuildFile; fileRef = 46FD8EB81BD4EB4A004EA6B4 /* NuimoTableViewDataSource.swift */; };
		46FD8EBB1BD4EC3C004EA6B4 /* NuimoTableViewDelegate.swift in Sources */ = {isa = PBXBuildFile; fileRef = 46FD8EBA1BD4EC3C004EA6B4 /* NuimoTableViewDelegate.swift */; };
		68B3F18C258B34D98E0AD3AC /* Pods_NuimoDemoOSX.framework in Frameworks */ = {isa = PBXBuildFile; fileRef = 4A845B01C6DEB832E7826BDA /* Pods_NuimoDemoOSX.framework */; };
/* End PBXBuildFile section */

/* Begin PBXFileReference section */
		461699961BD4D7DB0028DE08 /* NuimoDemoOSX.app */ = {isa = PBXFileReference; explicitFileType = wrapper.application; includeInIndex = 0; path = NuimoDemoOSX.app; sourceTree = BUILT_PRODUCTS_DIR; };
		461699991BD4D7DB0028DE08 /* AppDelegate.swift */ = {isa = PBXFileReference; lastKnownFileType = sourcecode.swift; path = AppDelegate.swift; sourceTree = "<group>"; };
		4616999B1BD4D7DB0028DE08 /* ViewController.swift */ = {isa = PBXFileReference; lastKnownFileType = sourcecode.swift; path = ViewController.swift; sourceTree = "<group>"; };
		4616999D1BD4D7DB0028DE08 /* Assets.xcassets */ = {isa = PBXFileReference; lastKnownFileType = folder.assetcatalog; path = Assets.xcassets; sourceTree = "<group>"; };
		461699A01BD4D7DB0028DE08 /* Base */ = {isa = PBXFileReference; lastKnownFileType = file.storyboard; name = Base; path = Base.lproj/Main.storyboard; sourceTree = "<group>"; };
		461699A21BD4D7DB0028DE08 /* Info.plist */ = {isa = PBXFileReference; lastKnownFileType = text.plist.xml; path = Info.plist; sourceTree = "<group>"; };
		46FD8EB81BD4EB4A004EA6B4 /* NuimoTableViewDataSource.swift */ = {isa = PBXFileReference; fileEncoding = 4; lastKnownFileType = sourcecode.swift; path = NuimoTableViewDataSource.swift; sourceTree = "<group>"; };
		46FD8EBA1BD4EC3C004EA6B4 /* NuimoTableViewDelegate.swift */ = {isa = PBXFileReference; fileEncoding = 4; lastKnownFileType = sourcecode.swift; path = NuimoTableViewDelegate.swift; sourceTree = "<group>"; };
		4A845B01C6DEB832E7826BDA /* Pods_NuimoDemoOSX.framework */ = {isa = PBXFileReference; explicitFileType = wrapper.framework; includeInIndex = 0; path = Pods_NuimoDemoOSX.framework; sourceTree = BUILT_PRODUCTS_DIR; };
		7D96EF6776FE2ECAB8CD3F4E /* Pods-NuimoDemoOSX.debug.xcconfig */ = {isa = PBXFileReference; includeInIndex = 1; lastKnownFileType = text.xcconfig; name = "Pods-NuimoDemoOSX.debug.xcconfig"; path = "Pods/Target Support Files/Pods-NuimoDemoOSX/Pods-NuimoDemoOSX.debug.xcconfig"; sourceTree = "<group>"; };
		9B58A87FC032DC85D9741724 /* Pods.framework */ = {isa = PBXFileReference; explicitFileType = wrapper.framework; includeInIndex = 0; path = Pods.framework; sourceTree = BUILT_PRODUCTS_DIR; };
		ABEF398302C91F5259041E22 /* Pods-NuimoDemoOSX.release.xcconfig */ = {isa = PBXFileReference; includeInIndex = 1; lastKnownFileType = text.xcconfig; name = "Pods-NuimoDemoOSX.release.xcconfig"; path = "Pods/Target Support Files/Pods-NuimoDemoOSX/Pods-NuimoDemoOSX.release.xcconfig"; sourceTree = "<group>"; };
/* End PBXFileReference section */

/* Begin PBXFrameworksBuildPhase section */
		461699931BD4D7DB0028DE08 /* Frameworks */ = {
			isa = PBXFrameworksBuildPhase;
			buildActionMask = 2147483647;
			files = (
				68B3F18C258B34D98E0AD3AC /* Pods_NuimoDemoOSX.framework in Frameworks */,
			);
			runOnlyForDeploymentPostprocessing = 0;
		};
/* End PBXFrameworksBuildPhase section */

/* Begin PBXGroup section */
		4616998D1BD4D7DB0028DE08 = {
			isa = PBXGroup;
			children = (
				461699981BD4D7DB0028DE08 /* NuimoDemoOSX */,
				461699971BD4D7DB0028DE08 /* Products */,
				B6E10FB97AA834C25D8866C2 /* Frameworks */,
				D7BEE706148AE54DB97C125F /* Pods */,
			);
			sourceTree = "<group>";
		};
		461699971BD4D7DB0028DE08 /* Products */ = {
			isa = PBXGroup;
			children = (
				461699961BD4D7DB0028DE08 /* NuimoDemoOSX.app */,
			);
			name = Products;
			sourceTree = "<group>";
		};
		461699981BD4D7DB0028DE08 /* NuimoDemoOSX */ = {
			isa = PBXGroup;
			children = (
				461699991BD4D7DB0028DE08 /* AppDelegate.swift */,
				4616999B1BD4D7DB0028DE08 /* ViewController.swift */,
				4616999D1BD4D7DB0028DE08 /* Assets.xcassets */,
				4616999F1BD4D7DB0028DE08 /* Main.storyboard */,
				461699A21BD4D7DB0028DE08 /* Info.plist */,
				46FD8EB81BD4EB4A004EA6B4 /* NuimoTableViewDataSource.swift */,
				46FD8EBA1BD4EC3C004EA6B4 /* NuimoTableViewDelegate.swift */,
			);
			path = NuimoDemoOSX;
			sourceTree = "<group>";
		};
		B6E10FB97AA834C25D8866C2 /* Frameworks */ = {
			isa = PBXGroup;
			children = (
				9B58A87FC032DC85D9741724 /* Pods.framework */,
				4A845B01C6DEB832E7826BDA /* Pods_NuimoDemoOSX.framework */,
			);
			name = Frameworks;
			sourceTree = "<group>";
		};
		D7BEE706148AE54DB97C125F /* Pods */ = {
			isa = PBXGroup;
			children = (
				7D96EF6776FE2ECAB8CD3F4E /* Pods-NuimoDemoOSX.debug.xcconfig */,
				ABEF398302C91F5259041E22 /* Pods-NuimoDemoOSX.release.xcconfig */,
			);
			name = Pods;
			sourceTree = "<group>";
		};
/* End PBXGroup section */

/* Begin PBXNativeTarget section */
		461699951BD4D7DB0028DE08 /* NuimoDemoOSX */ = {
			isa = PBXNativeTarget;
			buildConfigurationList = 461699A51BD4D7DB0028DE08 /* Build configuration list for PBXNativeTarget "NuimoDemoOSX" */;
			buildPhases = (
				986C67E577D7E563D166909B /* [CP] Check Pods Manifest.lock */,
				461699921BD4D7DB0028DE08 /* Sources */,
				461699931BD4D7DB0028DE08 /* Frameworks */,
				461699941BD4D7DB0028DE08 /* Resources */,
				8C01FA4E1714E379A93FC156 /* [CP] Embed Pods Frameworks */,
				AD8E4C2B57CFB831788DA4F5 /* [CP] Copy Pods Resources */,
			);
			buildRules = (
			);
			dependencies = (
			);
			name = NuimoDemoOSX;
			productName = NuimoDemoOSX;
			productReference = 461699961BD4D7DB0028DE08 /* NuimoDemoOSX.app */;
			productType = "com.apple.product-type.application";
		};
/* End PBXNativeTarget section */

/* Begin PBXProject section */
		4616998E1BD4D7DB0028DE08 /* Project object */ = {
			isa = PBXProject;
			attributes = {
				LastSwiftUpdateCheck = 0710;
				LastUpgradeCheck = 0710;
				ORGANIZATIONNAME = senic;
				TargetAttributes = {
					461699951BD4D7DB0028DE08 = {
						CreatedOnToolsVersion = 7.1;
					};
				};
			};
			buildConfigurationList = 461699911BD4D7DB0028DE08 /* Build configuration list for PBXProject "NuimoDemoOSX" */;
			compatibilityVersion = "Xcode 3.2";
			developmentRegion = English;
			hasScannedForEncodings = 0;
			knownRegions = (
				en,
				Base,
			);
			mainGroup = 4616998D1BD4D7DB0028DE08;
			productRefGroup = 461699971BD4D7DB0028DE08 /* Products */;
			projectDirPath = "";
			projectRoot = "";
			targets = (
				461699951BD4D7DB0028DE08 /* NuimoDemoOSX */,
			);
		};
/* End PBXProject section */

/* Begin PBXResourcesBuildPhase section */
		461699941BD4D7DB0028DE08 /* Resources */ = {
			isa = PBXResourcesBuildPhase;
			buildActionMask = 2147483647;
			files = (
				4616999E1BD4D7DB0028DE08 /* Assets.xcassets in Resources */,
				461699A11BD4D7DB0028DE08 /* Main.storyboard in Resources */,
			);
			runOnlyForDeploymentPostprocessing = 0;
		};
/* End PBXResourcesBuildPhase section */

/* Begin PBXShellScriptBuildPhase section */
		8C01FA4E1714E379A93FC156 /* [CP] Embed Pods Frameworks */ = {
			isa = PBXShellScriptBuildPhase;
			buildActionMask = 2147483647;
			files = (
			);
			inputPaths = (
			);
			name = "[CP] Embed Pods Frameworks";
			outputPaths = (
			);
			runOnlyForDeploymentPostprocessing = 0;
			shellPath = /bin/sh;
			shellScript = "\"${SRCROOT}/Pods/Target Support Files/Pods-NuimoDemoOSX/Pods-NuimoDemoOSX-frameworks.sh\"\n";
			showEnvVarsInLog = 0;
		};
		986C67E577D7E563D166909B /* [CP] Check Pods Manifest.lock */ = {
			isa = PBXShellScriptBuildPhase;
			buildActionMask = 2147483647;
			files = (
			);
			inputPaths = (
			);
			name = "[CP] Check Pods Manifest.lock";
			outputPaths = (
			);
			runOnlyForDeploymentPostprocessing = 0;
			shellPath = /bin/sh;
			shellScript = "diff \"${PODS_ROOT}/../Podfile.lock\" \"${PODS_ROOT}/Manifest.lock\" > /dev/null\nif [ $? != 0 ] ; then\n    # print error to STDERR\n    echo \"error: The sandbox is not in sync with the Podfile.lock. Run 'pod install' or update your CocoaPods installation.\" >&2\n    exit 1\nfi\n";
			showEnvVarsInLog = 0;
		};
		AD8E4C2B57CFB831788DA4F5 /* [CP] Copy Pods Resources */ = {
			isa = PBXShellScriptBuildPhase;
			buildActionMask = 2147483647;
			files = (
			);
			inputPaths = (
			);
			name = "[CP] Copy Pods Resources";
			outputPaths = (
			);
			runOnlyForDeploymentPostprocessing = 0;
			shellPath = /bin/sh;
			shellScript = "\"${SRCROOT}/Pods/Target Support Files/Pods-NuimoDemoOSX/Pods-NuimoDemoOSX-resources.sh\"\n";
			showEnvVarsInLog = 0;
		};
/* End PBXShellScriptBuildPhase section */

/* Begin PBXSourcesBuildPhase section */
		461699921BD4D7DB0028DE08 /* Sources */ = {
			isa = PBXSourcesBuildPhase;
			buildActionMask = 2147483647;
			files = (
				46FD8EB91BD4EB4A004EA6B4 /* NuimoTableViewDataSource.swift in Sources */,
				46FD8EBB1BD4EC3C004EA6B4 /* NuimoTableViewDelegate.swift in Sources */,
				4616999C1BD4D7DB0028DE08 /* ViewController.swift in Sources */,
				4616999A1BD4D7DB0028DE08 /* AppDelegate.swift in Sources */,
			);
			runOnlyForDeploymentPostprocessing = 0;
		};
/* End PBXSourcesBuildPhase section */

/* Begin PBXVariantGroup section */
		4616999F1BD4D7DB0028DE08 /* Main.storyboard */ = {
			isa = PBXVariantGroup;
			children = (
				461699A01BD4D7DB0028DE08 /* Base */,
			);
			name = Main.storyboard;
			sourceTree = "<group>";
		};
/* End PBXVariantGroup section */

/* Begin XCBuildConfiguration section */
		461699A31BD4D7DB0028DE08 /* Debug */ = {
			isa = XCBuildConfiguration;
			buildSettings = {
				ALWAYS_SEARCH_USER_PATHS = NO;
				CLANG_CXX_LANGUAGE_STANDARD = "gnu++0x";
				CLANG_CXX_LIBRARY = "libc++";
				CLANG_ENABLE_MODULES = YES;
				CLANG_ENABLE_OBJC_ARC = YES;
				CLANG_WARN_BOOL_CONVERSION = YES;
				CLANG_WARN_CONSTANT_CONVERSION = YES;
				CLANG_WARN_DIRECT_OBJC_ISA_USAGE = YES_ERROR;
				CLANG_WARN_EMPTY_BODY = YES;
				CLANG_WARN_ENUM_CONVERSION = YES;
				CLANG_WARN_INT_CONVERSION = YES;
				CLANG_WARN_OBJC_ROOT_CLASS = YES_ERROR;
				CLANG_WARN_UNREACHABLE_CODE = YES;
				CLANG_WARN__DUPLICATE_METHOD_MATCH = YES;
				CODE_SIGN_IDENTITY = "-";
				COPY_PHASE_STRIP = NO;
				DEBUG_INFORMATION_FORMAT = dwarf;
				ENABLE_STRICT_OBJC_MSGSEND = YES;
				ENABLE_TESTABILITY = YES;
				GCC_C_LANGUAGE_STANDARD = gnu99;
				GCC_DYNAMIC_NO_PIC = NO;
				GCC_NO_COMMON_BLOCKS = YES;
				GCC_OPTIMIZATION_LEVEL = 0;
				GCC_PREPROCESSOR_DEFINITIONS = (
					"DEBUG=1",
					"$(inherited)",
				);
				GCC_WARN_64_TO_32_BIT_CONVERSION = YES;
				GCC_WARN_ABOUT_RETURN_TYPE = YES_ERROR;
				GCC_WARN_UNDECLARED_SELECTOR = YES;
				GCC_WARN_UNINITIALIZED_AUTOS = YES_AGGRESSIVE;
				GCC_WARN_UNUSED_FUNCTION = YES;
				GCC_WARN_UNUSED_VARIABLE = YES;
				MACOSX_DEPLOYMENT_TARGET = 10.10;
				MTL_ENABLE_DEBUG_INFO = YES;
				ONLY_ACTIVE_ARCH = YES;
				SDKROOT = macosx;
				SWIFT_OPTIMIZATION_LEVEL = "-Onone";
			};
			name = Debug;
		};
		461699A41BD4D7DB0028DE08 /* Release */ = {
			isa = XCBuildConfiguration;
			buildSettings = {
				ALWAYS_SEARCH_USER_PATHS = NO;
				CLANG_CXX_LANGUAGE_STANDARD = "gnu++0x";
				CLANG_CXX_LIBRARY = "libc++";
				CLANG_ENABLE_MODULES = YES;
				CLANG_ENABLE_OBJC_ARC = YES;
				CLANG_WARN_BOOL_CONVERSION = YES;
				CLANG_WARN_CONSTANT_CONVERSION = YES;
				CLANG_WARN_DIRECT_OBJC_ISA_USAGE = YES_ERROR;
				CLANG_WARN_EMPTY_BODY = YES;
				CLANG_WARN_ENUM_CONVERSION = YES;
				CLANG_WARN_INT_CONVERSION = YES;
				CLANG_WARN_OBJC_ROOT_CLASS = YES_ERROR;
				CLANG_WARN_UNREACHABLE_CODE = YES;
				CLANG_WARN__DUPLICATE_METHOD_MATCH = YES;
				CODE_SIGN_IDENTITY = "-";
				COPY_PHASE_STRIP = NO;
				DEBUG_INFORMATION_FORMAT = "dwarf-with-dsym";
				ENABLE_NS_ASSERTIONS = NO;
				ENABLE_STRICT_OBJC_MSGSEND = YES;
				GCC_C_LANGUAGE_STANDARD = gnu99;
				GCC_NO_COMMON_BLOCKS = YES;
				GCC_WARN_64_TO_32_BIT_CONVERSION = YES;
				GCC_WARN_ABOUT_RETURN_TYPE = YES_ERROR;
				GCC_WARN_UNDECLARED_SELECTOR = YES;
				GCC_WARN_UNINITIALIZED_AUTOS = YES_AGGRESSIVE;
				GCC_WARN_UNUSED_FUNCTION = YES;
				GCC_WARN_UNUSED_VARIABLE = YES;
				MACOSX_DEPLOYMENT_TARGET = 10.10;
				MTL_ENABLE_DEBUG_INFO = NO;
				SDKROOT = macosx;
			};
			name = Release;
		};
		461699A61BD4D7DB0028DE08 /* Debug */ = {
			isa = XCBuildConfiguration;
			baseConfigurationReference = 7D96EF6776FE2ECAB8CD3F4E /* Pods-NuimoDemoOSX.debug.xcconfig */;
			buildSettings = {
				ASSETCATALOG_COMPILER_APPICON_NAME = AppIcon;
				COMBINE_HIDPI_IMAGES = YES;
				INFOPLIST_FILE = NuimoDemoOSX/Info.plist;
				LD_RUNPATH_SEARCH_PATHS = "$(inherited) @executable_path/../Frameworks";
				PRODUCT_BUNDLE_IDENTIFIER = com.senic.NuimoDemoOSX;
				PRODUCT_NAME = NuimoDemoOSX;
			};
			name = Debug;
		};
		461699A71BD4D7DB0028DE08 /* Release */ = {
			isa = XCBuildConfiguration;
			baseConfigurationReference = ABEF398302C91F5259041E22 /* Pods-NuimoDemoOSX.release.xcconfig */;
			buildSettings = {
				ASSETCATALOG_COMPILER_APPICON_NAME = AppIcon;
				COMBINE_HIDPI_IMAGES = YES;
				INFOPLIST_FILE = NuimoDemoOSX/Info.plist;
				LD_RUNPATH_SEARCH_PATHS = "$(inherited) @executable_path/../Frameworks";
				PRODUCT_BUNDLE_IDENTIFIER = com.senic.NuimoDemoOSX;
				PRODUCT_NAME = NuimoDemoOSX;
			};
			name = Release;
		};
/* End XCBuildConfiguration section */

/* Begin XCConfigurationList section */
		461699911BD4D7DB0028DE08 /* Build configuration list for PBXProject "NuimoDemoOSX" */ = {
			isa = XCConfigurationList;
			buildConfigurations = (
				461699A31BD4D7DB0028DE08 /* Debug */,
				461699A41BD4D7DB0028DE08 /* Release */,
			);
			defaultConfigurationIsVisible = 0;
			defaultConfigurationName = Release;
		};
		461699A51BD4D7DB0028DE08 /* Build configuration list for PBXNativeTarget "NuimoDemoOSX" */ = {
			isa = XCConfigurationList;
			buildConfigurations = (
				461699A61BD4D7DB0028DE08 /* Debug */,
				461699A71BD4D7DB0028DE08 /* Release */,
			);
			defaultConfigurationIsVisible = 0;
			defaultConfigurationName = Release;
		};
/* End XCConfigurationList section */
	};
	rootObject = 4616998E1BD4D7DB0028DE08 /* Project object */;
}
